{
  "name": "coc-guides",
  "version": "1.0.0",
  "lockfileVersion": 2,
  "requires": true,
  "packages": {
    "": {
      "name": "coc-guides",
      "version": "1.0.0",
      "license": "ISC",
      "dependencies": {
        "tdesign-miniprogram": "^1.1.14"
      },
      "devDependencies": {}
    },
    "node_modules/dayjs": {
      "version": "1.11.9",
      "resolved": "https://registry.npmjs.org/dayjs/-/dayjs-1.11.9.tgz",
      "integrity": "sha512-QvzAURSbQ0pKdIye2txOzNaHmxtUBXerpY0FJsFXUMKbIZeFm5ht1LS/jFsrncjnmtv8HsG0W2g6c0zUjZWmpA=="
    },
    "node_modules/tdesign-miniprogram": {
      "version": "1.1.14",
      "resolved": "https://registry.npmjs.org/tdesign-miniprogram/-/tdesign-miniprogram-1.1.14.tgz",
      "integrity": "sha512-Ywn/KqiF+APdp5ea5b0yahc6PJlNCqmrLJ/UKY1eN8iHgSvGRez96xRUxZWwPz5da2DGwGjhVncrTq43WgnpQA==",
      "dependencies": {
        "dayjs": "^1.10.7"
      }
    }
  },
  "dependencies": {
    "dayjs": {
      "version": "1.11.9",
      "resolved": "https://registry.npmjs.org/dayjs/-/dayjs-1.11.9.tgz",
      "integrity": "sha512-QvzAURSbQ0pKdIye2txOzNaHmxtUBXerpY0FJsFXUMKbIZeFm5ht1LS/jFsrncjnmtv8HsG0W2g6c0zUjZWmpA=="
    },
    "tdesign-miniprogram": {
      "version": "1.1.14",
      "resolved": "https://registry.npmjs.org/tdesign-miniprogram/-/tdesign-miniprogram-1.1.14.tgz",
      "integrity": "sha512-Ywn/KqiF+APdp5ea5b0yahc6PJlNCqmrLJ/UKY1eN8iHgSvGRez96xRUxZWwPz5da2DGwGjhVncrTq43WgnpQA==",
      "requires": {
        "dayjs": "^1.10.7"
      }
    }
  }
}
